// !$*UTF8*$!
{
	archiveVersion = 1;
	classes = {
	};
	objectVersion = 50;
	objects = {

/* Begin PBXBuildFile section */
		076FCC7DAD5A2FD18B4D7FB8 /* Pods_TrueGrowthSF2.framework in Frameworks */ = {isa = PBXBuildFile; fileRef = 3902EC3239C1531E1D3FA313 /* Pods_TrueGrowthSF2.framework */; };
		F40DE0A021E179DC00EC685D /* CameraViewController.swift in Sources */ = {isa = PBXBuildFile; fileRef = F40DE09F21E179DC00EC685D /* CameraViewController.swift */; };
		F41253FE21E55B2D00FC32E6 /* Post.swift in Sources */ = {isa = PBXBuildFile; fileRef = F41253FD21E55B2D00FC32E6 /* Post.swift */; };
		F41C2CF821C9C932008CD3D6 /* AppDelegate.swift in Sources */ = {isa = PBXBuildFile; fileRef = F41C2CF721C9C932008CD3D6 /* AppDelegate.swift */; };
		F41C2CFA21C9C932008CD3D6 /* GroupsViewController.swift in Sources */ = {isa = PBXBuildFile; fileRef = F41C2CF921C9C932008CD3D6 /* GroupsViewController.swift */; };
		F41C2CFD21C9C932008CD3D6 /* Main.storyboard in Resources */ = {isa = PBXBuildFile; fileRef = F41C2CFB21C9C932008CD3D6 /* Main.storyboard */; };
		F41C2CFF21C9C934008CD3D6 /* Assets.xcassets in Resources */ = {isa = PBXBuildFile; fileRef = F41C2CFE21C9C934008CD3D6 /* Assets.xcassets */; };
		F41C2D0221C9C934008CD3D6 /* LaunchScreen.storyboard in Resources */ = {isa = PBXBuildFile; fileRef = F41C2D0021C9C934008CD3D6 /* LaunchScreen.storyboard */; };
		F41C2D0A21C9CE94008CD3D6 /* FeedViewController.swift in Sources */ = {isa = PBXBuildFile; fileRef = F41C2D0921C9CE94008CD3D6 /* FeedViewController.swift */; };
		F41C2D0C21C9D659008CD3D6 /* GoogleService-Info.plist in Resources */ = {isa = PBXBuildFile; fileRef = F41C2D0B21C9D658008CD3D6 /* GoogleService-Info.plist */; };
		F45CE73D21C9DA9E0010F2D6 /* LoginViewController.swift in Sources */ = {isa = PBXBuildFile; fileRef = F45CE73C21C9DA9E0010F2D6 /* LoginViewController.swift */; };
		F467B81C21CADA9E005339A5 /* RoundUIView.swift in Sources */ = {isa = PBXBuildFile; fileRef = F467B81B21CADA9E005339A5 /* RoundUIView.swift */; };
		F467B81E21CADF96005339A5 /* RoundedCornerView.swift in Sources */ = {isa = PBXBuildFile; fileRef = F467B81D21CADF96005339A5 /* RoundedCornerView.swift */; };
		F485EAD121CF38C8006403E2 /* CircularProgressBar.swift in Sources */ = {isa = PBXBuildFile; fileRef = F485EAD021CF38C7006403E2 /* CircularProgressBar.swift */; };
		F489B62B21CB06B200134A0C /* CurrencyTextField.swift in Sources */ = {isa = PBXBuildFile; fileRef = F489B62A21CB06B200134A0C /* CurrencyTextField.swift */; };
		F489B62D21CB120C00134A0C /* EmailLoginViewController.swift in Sources */ = {isa = PBXBuildFile; fileRef = F489B62C21CB120C00134A0C /* EmailLoginViewController.swift */; };
		F489B62F21CB13A500134A0C /* AuthService.swift in Sources */ = {isa = PBXBuildFile; fileRef = F489B62E21CB13A500134A0C /* AuthService.swift */; };
		F489B63121CDB95600134A0C /* ProfileViewController.swift in Sources */ = {isa = PBXBuildFile; fileRef = F489B63021CDB95600134A0C /* ProfileViewController.swift */; };
		F489B63321CDBC8B00134A0C /* CreatePostViewController.swift in Sources */ = {isa = PBXBuildFile; fileRef = F489B63221CDBC8B00134A0C /* CreatePostViewController.swift */; };
		F4A3E58221C9F11F006BB7EE /* FacebookButton.swift in Sources */ = {isa = PBXBuildFile; fileRef = F4A3E58121C9F11F006BB7EE /* FacebookButton.swift */; };
		F4F6035D21CAA8C8001B71B7 /* DataService.swift in Sources */ = {isa = PBXBuildFile; fileRef = F4F6035C21CAA8C8001B71B7 /* DataService.swift */; };
/* End PBXBuildFile section */

/* Begin PBXFileReference section */
		28E973AE1620E1A8647D3E6E /* Pods-TrueGrowthSF2.release.xcconfig */ = {isa = PBXFileReference; includeInIndex = 1; lastKnownFileType = text.xcconfig; name = "Pods-TrueGrowthSF2.release.xcconfig"; path = "Pods/Target Support Files/Pods-TrueGrowthSF2/Pods-TrueGrowthSF2.release.xcconfig"; sourceTree = "<group>"; };
		3902EC3239C1531E1D3FA313 /* Pods_TrueGrowthSF2.framework */ = {isa = PBXFileReference; explicitFileType = wrapper.framework; includeInIndex = 0; path = Pods_TrueGrowthSF2.framework; sourceTree = BUILT_PRODUCTS_DIR; };
		9113413C9EA08A668B5AD263 /* Pods-TrueGrowthSF2.debug.xcconfig */ = {isa = PBXFileReference; includeInIndex = 1; lastKnownFileType = text.xcconfig; name = "Pods-TrueGrowthSF2.debug.xcconfig"; path = "Pods/Target Support Files/Pods-TrueGrowthSF2/Pods-TrueGrowthSF2.debug.xcconfig"; sourceTree = "<group>"; };
		F40DE09F21E179DC00EC685D /* CameraViewController.swift */ = {isa = PBXFileReference; lastKnownFileType = sourcecode.swift; path = CameraViewController.swift; sourceTree = "<group>"; };
		F41253FD21E55B2D00FC32E6 /* Post.swift */ = {isa = PBXFileReference; lastKnownFileType = sourcecode.swift; path = Post.swift; sourceTree = "<group>"; };
		F41C2CF421C9C932008CD3D6 /* TrueGrowthSF2.app */ = {isa = PBXFileReference; explicitFileType = wrapper.application; includeInIndex = 0; path = TrueGrowthSF2.app; sourceTree = BUILT_PRODUCTS_DIR; };
		F41C2CF721C9C932008CD3D6 /* AppDelegate.swift */ = {isa = PBXFileReference; lastKnownFileType = sourcecode.swift; path = AppDelegate.swift; sourceTree = "<group>"; };
		F41C2CF921C9C932008CD3D6 /* GroupsViewController.swift */ = {isa = PBXFileReference; lastKnownFileType = sourcecode.swift; path = GroupsViewController.swift; sourceTree = "<group>"; };
		F41C2CFC21C9C932008CD3D6 /* Base */ = {isa = PBXFileReference; lastKnownFileType = file.storyboard; name = Base; path = Base.lproj/Main.storyboard; sourceTree = "<group>"; };
		F41C2CFE21C9C934008CD3D6 /* Assets.xcassets */ = {isa = PBXFileReference; lastKnownFileType = folder.assetcatalog; path = Assets.xcassets; sourceTree = "<group>"; };
		F41C2D0121C9C934008CD3D6 /* Base */ = {isa = PBXFileReference; lastKnownFileType = file.storyboard; name = Base; path = Base.lproj/LaunchScreen.storyboard; sourceTree = "<group>"; };
		F41C2D0321C9C934008CD3D6 /* Info.plist */ = {isa = PBXFileReference; lastKnownFileType = text.plist.xml; path = Info.plist; sourceTree = "<group>"; };
		F41C2D0921C9CE94008CD3D6 /* FeedViewController.swift */ = {isa = PBXFileReference; lastKnownFileType = sourcecode.swift; path = FeedViewController.swift; sourceTree = "<group>"; };
		F41C2D0B21C9D658008CD3D6 /* GoogleService-Info.plist */ = {isa = PBXFileReference; fileEncoding = 4; lastKnownFileType = text.plist.xml; path = "GoogleService-Info.plist"; sourceTree = "<group>"; };
		F45CE73C21C9DA9E0010F2D6 /* LoginViewController.swift */ = {isa = PBXFileReference; lastKnownFileType = sourcecode.swift; path = LoginViewController.swift; sourceTree = "<group>"; };
		F467B81B21CADA9E005339A5 /* RoundUIView.swift */ = {isa = PBXFileReference; lastKnownFileType = sourcecode.swift; path = RoundUIView.swift; sourceTree = "<group>"; };
		F467B81D21CADF96005339A5 /* RoundedCornerView.swift */ = {isa = PBXFileReference; lastKnownFileType = sourcecode.swift; path = RoundedCornerView.swift; sourceTree = "<group>"; };
		F485EAD021CF38C7006403E2 /* CircularProgressBar.swift */ = {isa = PBXFileReference; fileEncoding = 4; lastKnownFileType = sourcecode.swift; path = CircularProgressBar.swift; sourceTree = "<group>"; };
		F489B62A21CB06B200134A0C /* CurrencyTextField.swift */ = {isa = PBXFileReference; fileEncoding = 4; lastKnownFileType = sourcecode.swift; path = CurrencyTextField.swift; sourceTree = "<group>"; };
		F489B62C21CB120C00134A0C /* EmailLoginViewController.swift */ = {isa = PBXFileReference; lastKnownFileType = sourcecode.swift; path = EmailLoginViewController.swift; sourceTree = "<group>"; };
		F489B62E21CB13A500134A0C /* AuthService.swift */ = {isa = PBXFileReference; lastKnownFileType = sourcecode.swift; path = AuthService.swift; sourceTree = "<group>"; };
		F489B63021CDB95600134A0C /* ProfileViewController.swift */ = {isa = PBXFileReference; lastKnownFileType = sourcecode.swift; path = ProfileViewController.swift; sourceTree = "<group>"; };
		F489B63221CDBC8B00134A0C /* CreatePostViewController.swift */ = {isa = PBXFileReference; lastKnownFileType = sourcecode.swift; path = CreatePostViewController.swift; sourceTree = "<group>"; };
		F4A3E58121C9F11F006BB7EE /* FacebookButton.swift */ = {isa = PBXFileReference; lastKnownFileType = sourcecode.swift; path = FacebookButton.swift; sourceTree = "<group>"; };
		F4F6035C21CAA8C8001B71B7 /* DataService.swift */ = {isa = PBXFileReference; lastKnownFileType = sourcecode.swift; path = DataService.swift; sourceTree = "<group>"; };
/* End PBXFileReference section */

/* Begin PBXFrameworksBuildPhase section */
		F41C2CF121C9C932008CD3D6 /* Frameworks */ = {
			isa = PBXFrameworksBuildPhase;
			buildActionMask = 2147483647;
			files = (
				076FCC7DAD5A2FD18B4D7FB8 /* Pods_TrueGrowthSF2.framework in Frameworks */,
			);
			runOnlyForDeploymentPostprocessing = 0;
		};
/* End PBXFrameworksBuildPhase section */

/* Begin PBXGroup section */
		841BFDFDD3A8F2894572ACCF /* Pods */ = {
			isa = PBXGroup;
			children = (
				9113413C9EA08A668B5AD263 /* Pods-TrueGrowthSF2.debug.xcconfig */,
				28E973AE1620E1A8647D3E6E /* Pods-TrueGrowthSF2.release.xcconfig */,
			);
			name = Pods;
			sourceTree = "<group>";
		};
		B758A622E68F6085F9F79691 /* Frameworks */ = {
			isa = PBXGroup;
			children = (
				3902EC3239C1531E1D3FA313 /* Pods_TrueGrowthSF2.framework */,
			);
			name = Frameworks;
			sourceTree = "<group>";
		};
		F41C2CEB21C9C932008CD3D6 = {
			isa = PBXGroup;
			children = (
				F41C2CF621C9C932008CD3D6 /* TrueGrowthSF2 */,
				F41C2CF521C9C932008CD3D6 /* Products */,
				841BFDFDD3A8F2894572ACCF /* Pods */,
				B758A622E68F6085F9F79691 /* Frameworks */,
			);
			sourceTree = "<group>";
		};
		F41C2CF521C9C932008CD3D6 /* Products */ = {
			isa = PBXGroup;
			children = (
				F41C2CF421C9C932008CD3D6 /* TrueGrowthSF2.app */,
			);
			name = Products;
			sourceTree = "<group>";
		};
		F41C2CF621C9C932008CD3D6 /* TrueGrowthSF2 */ = {
			isa = PBXGroup;
			children = (
				F474B94F21CAAF31003E082E /* Extensions */,
				F4F6035B21CAA88E001B71B7 /* Services */,
				F4A3E58021C9F0BB006BB7EE /* Model */,
				F4A3E57E21C9F0A2006BB7EE /* Controller */,
				F4A3E57F21C9F0B2006BB7EE /* View */,
				F41C2CF721C9C932008CD3D6 /* AppDelegate.swift */,
				F41C2CFB21C9C932008CD3D6 /* Main.storyboard */,
				F41C2CFE21C9C934008CD3D6 /* Assets.xcassets */,
				F41C2D0021C9C934008CD3D6 /* LaunchScreen.storyboard */,
				F41C2D0321C9C934008CD3D6 /* Info.plist */,
				F41C2D0B21C9D658008CD3D6 /* GoogleService-Info.plist */,
			);
			path = TrueGrowthSF2;
			sourceTree = "<group>";
		};
		F474B94F21CAAF31003E082E /* Extensions */ = {
			isa = PBXGroup;
			children = (
			);
			path = Extensions;
			sourceTree = "<group>";
		};
		F4A3E57E21C9F0A2006BB7EE /* Controller */ = {
			isa = PBXGroup;
			children = (
				F41C2D0921C9CE94008CD3D6 /* FeedViewController.swift */,
				F40DE09F21E179DC00EC685D /* CameraViewController.swift */,
				F41C2CF921C9C932008CD3D6 /* GroupsViewController.swift */,
				F45CE73C21C9DA9E0010F2D6 /* LoginViewController.swift */,
				F489B62C21CB120C00134A0C /* EmailLoginViewController.swift */,
				F489B63021CDB95600134A0C /* ProfileViewController.swift */,
				F489B63221CDBC8B00134A0C /* CreatePostViewController.swift */,
			);
			path = Controller;
			sourceTree = "<group>";
		};
		F4A3E57F21C9F0B2006BB7EE /* View */ = {
			isa = PBXGroup;
			children = (
				F489B62A21CB06B200134A0C /* CurrencyTextField.swift */,
				F485EAD021CF38C7006403E2 /* CircularProgressBar.swift */,
				F4A3E58121C9F11F006BB7EE /* FacebookButton.swift */,
				F467B81B21CADA9E005339A5 /* RoundUIView.swift */,
				F467B81D21CADF96005339A5 /* RoundedCornerView.swift */,
			);
			path = View;
			sourceTree = "<group>";
		};
		F4A3E58021C9F0BB006BB7EE /* Model */ = {
			isa = PBXGroup;
			children = (
				F41253FD21E55B2D00FC32E6 /* Post.swift */,
			);
			path = Model;
			sourceTree = "<group>";
		};
		F4F6035B21CAA88E001B71B7 /* Services */ = {
			isa = PBXGroup;
			children = (
				F4F6035C21CAA8C8001B71B7 /* DataService.swift */,
				F489B62E21CB13A500134A0C /* AuthService.swift */,
			);
			path = Services;
			sourceTree = "<group>";
		};
/* End PBXGroup section */

/* Begin PBXNativeTarget section */
		F41C2CF321C9C932008CD3D6 /* TrueGrowthSF2 */ = {
			isa = PBXNativeTarget;
			buildConfigurationList = F41C2D0621C9C934008CD3D6 /* Build configuration list for PBXNativeTarget "TrueGrowthSF2" */;
			buildPhases = (
				8B0A7387638E0360215B8D41 /* [CP] Check Pods Manifest.lock */,
				F41C2CF021C9C932008CD3D6 /* Sources */,
				F41C2CF121C9C932008CD3D6 /* Frameworks */,
				F41C2CF221C9C932008CD3D6 /* Resources */,
				9B5ECE3AA510CB7AC73B9B1C /* [CP] Embed Pods Frameworks */,
			);
			buildRules = (
			);
			dependencies = (
			);
			name = TrueGrowthSF2;
			productName = TrueGrowthSF2;
			productReference = F41C2CF421C9C932008CD3D6 /* TrueGrowthSF2.app */;
			productType = "com.apple.product-type.application";
		};
/* End PBXNativeTarget section */

/* Begin PBXProject section */
		F41C2CEC21C9C932008CD3D6 /* Project object */ = {
			isa = PBXProject;
			attributes = {
				LastSwiftUpdateCheck = 1010;
				LastUpgradeCheck = 1010;
				ORGANIZATIONNAME = "Agile Associates";
				TargetAttributes = {
					F41C2CF321C9C932008CD3D6 = {
						CreatedOnToolsVersion = 10.1;
					};
				};
			};
			buildConfigurationList = F41C2CEF21C9C932008CD3D6 /* Build configuration list for PBXProject "TrueGrowthSF2" */;
			compatibilityVersion = "Xcode 9.3";
			developmentRegion = en;
			hasScannedForEncodings = 0;
			knownRegions = (
				en,
				Base,
			);
			mainGroup = F41C2CEB21C9C932008CD3D6;
			productRefGroup = F41C2CF521C9C932008CD3D6 /* Products */;
			projectDirPath = "";
			projectRoot = "";
			targets = (
				F41C2CF321C9C932008CD3D6 /* TrueGrowthSF2 */,
			);
		};
/* End PBXProject section */

/* Begin PBXResourcesBuildPhase section */
		F41C2CF221C9C932008CD3D6 /* Resources */ = {
			isa = PBXResourcesBuildPhase;
			buildActionMask = 2147483647;
			files = (
				F41C2D0221C9C934008CD3D6 /* LaunchScreen.storyboard in Resources */,
				F41C2D0C21C9D659008CD3D6 /* GoogleService-Info.plist in Resources */,
				F41C2CFF21C9C934008CD3D6 /* Assets.xcassets in Resources */,
				F41C2CFD21C9C932008CD3D6 /* Main.storyboard in Resources */,
			);
			runOnlyForDeploymentPostprocessing = 0;
		};
/* End PBXResourcesBuildPhase section */

/* Begin PBXShellScriptBuildPhase section */
		8B0A7387638E0360215B8D41 /* [CP] Check Pods Manifest.lock */ = {
			isa = PBXShellScriptBuildPhase;
			buildActionMask = 2147483647;
			files = (
			);
			inputFileListPaths = (
			);
			inputPaths = (
				"${PODS_PODFILE_DIR_PATH}/Podfile.lock",
				"${PODS_ROOT}/Manifest.lock",
			);
			name = "[CP] Check Pods Manifest.lock";
			outputFileListPaths = (
			);
			outputPaths = (
				"$(DERIVED_FILE_DIR)/Pods-TrueGrowthSF2-checkManifestLockResult.txt",
			);
			runOnlyForDeploymentPostprocessing = 0;
			shellPath = /bin/sh;
			shellScript = "diff \"${PODS_PODFILE_DIR_PATH}/Podfile.lock\" \"${PODS_ROOT}/Manifest.lock\" > /dev/null\nif [ $? != 0 ] ; then\n    # print error to STDERR\n    echo \"error: The sandbox is not in sync with the Podfile.lock. Run 'pod install' or update your CocoaPods installation.\" >&2\n    exit 1\nfi\n# This output is used by Xcode 'outputs' to avoid re-running this script phase.\necho \"SUCCESS\" > \"${SCRIPT_OUTPUT_FILE_0}\"\n";
			showEnvVarsInLog = 0;
		};
		9B5ECE3AA510CB7AC73B9B1C /* [CP] Embed Pods Frameworks */ = {
			isa = PBXShellScriptBuildPhase;
			buildActionMask = 2147483647;
			files = (
			);
			inputFileListPaths = (
			);
			inputPaths = (
				"${SRCROOT}/Pods/Target Support Files/Pods-TrueGrowthSF2/Pods-TrueGrowthSF2-frameworks.sh",
				"${BUILT_PRODUCTS_DIR}/Bolts/Bolts.framework",
				"${BUILT_PRODUCTS_DIR}/FBSDKCoreKit/FBSDKCoreKit.framework",
				"${BUILT_PRODUCTS_DIR}/FBSDKLoginKit/FBSDKLoginKit.framework",
				"${BUILT_PRODUCTS_DIR}/FBSDKShareKit/FBSDKShareKit.framework",
				"${BUILT_PRODUCTS_DIR}/FacebookCore/FacebookCore.framework",
				"${BUILT_PRODUCTS_DIR}/FacebookLogin/FacebookLogin.framework",
				"${BUILT_PRODUCTS_DIR}/FacebookShare/FacebookShare.framework",
				"${BUILT_PRODUCTS_DIR}/GTMSessionFetcher/GTMSessionFetcher.framework",
				"${BUILT_PRODUCTS_DIR}/GoogleUtilities/GoogleUtilities.framework",
				"${BUILT_PRODUCTS_DIR}/leveldb-library/leveldb.framework",
				"${BUILT_PRODUCTS_DIR}/nanopb/nanopb.framework",
			);
			name = "[CP] Embed Pods Frameworks";
			outputFileListPaths = (
			);
			outputPaths = (
				"${TARGET_BUILD_DIR}/${FRAMEWORKS_FOLDER_PATH}/Bolts.framework",
				"${TARGET_BUILD_DIR}/${FRAMEWORKS_FOLDER_PATH}/FBSDKCoreKit.framework",
				"${TARGET_BUILD_DIR}/${FRAMEWORKS_FOLDER_PATH}/FBSDKLoginKit.framework",
				"${TARGET_BUILD_DIR}/${FRAMEWORKS_FOLDER_PATH}/FBSDKShareKit.framework",
				"${TARGET_BUILD_DIR}/${FRAMEWORKS_FOLDER_PATH}/FacebookCore.framework",
				"${TARGET_BUILD_DIR}/${FRAMEWORKS_FOLDER_PATH}/FacebookLogin.framework",
				"${TARGET_BUILD_DIR}/${FRAMEWORKS_FOLDER_PATH}/FacebookShare.framework",
				"${TARGET_BUILD_DIR}/${FRAMEWORKS_FOLDER_PATH}/GTMSessionFetcher.framework",
				"${TARGET_BUILD_DIR}/${FRAMEWORKS_FOLDER_PATH}/GoogleUtilities.framework",
				"${TARGET_BUILD_DIR}/${FRAMEWORKS_FOLDER_PATH}/leveldb.framework",
				"${TARGET_BUILD_DIR}/${FRAMEWORKS_FOLDER_PATH}/nanopb.framework",
			);
			runOnlyForDeploymentPostprocessing = 0;
			shellPath = /bin/sh;
			shellScript = "\"${SRCROOT}/Pods/Target Support Files/Pods-TrueGrowthSF2/Pods-TrueGrowthSF2-frameworks.sh\"\n";
			showEnvVarsInLog = 0;
		};
/* End PBXShellScriptBuildPhase section */

/* Begin PBXSourcesBuildPhase section */
		F41C2CF021C9C932008CD3D6 /* Sources */ = {
			isa = PBXSourcesBuildPhase;
			buildActionMask = 2147483647;
			files = (
				F467B81C21CADA9E005339A5 /* RoundUIView.swift in Sources */,
				F489B63321CDBC8B00134A0C /* CreatePostViewController.swift in Sources */,
				F45CE73D21C9DA9E0010F2D6 /* LoginViewController.swift in Sources */,
				F41253FE21E55B2D00FC32E6 /* Post.swift in Sources */,
				F4A3E58221C9F11F006BB7EE /* FacebookButton.swift in Sources */,
				F41C2D0A21C9CE94008CD3D6 /* FeedViewController.swift in Sources */,
				F4F6035D21CAA8C8001B71B7 /* DataService.swift in Sources */,
				F489B62F21CB13A500134A0C /* AuthService.swift in Sources */,
				F489B63121CDB95600134A0C /* ProfileViewController.swift in Sources */,
				F489B62D21CB120C00134A0C /* EmailLoginViewController.swift in Sources */,
				F41C2CFA21C9C932008CD3D6 /* GroupsViewController.swift in Sources */,
				F489B62B21CB06B200134A0C /* CurrencyTextField.swift in Sources */,
				F485EAD121CF38C8006403E2 /* CircularProgressBar.swift in Sources */,
				F40DE0A021E179DC00EC685D /* CameraViewController.swift in Sources */,
				F41C2CF821C9C932008CD3D6 /* AppDelegate.swift in Sources */,
				F467B81E21CADF96005339A5 /* RoundedCornerView.swift in Sources */,
			);
			runOnlyForDeploymentPostprocessing = 0;
		};
/* End PBXSourcesBuildPhase section */

/* Begin PBXVariantGroup section */
		F41C2CFB21C9C932008CD3D6 /* Main.storyboard */ = {
			isa = PBXVariantGroup;
			children = (
				F41C2CFC21C9C932008CD3D6 /* Base */,
			);
			name = Main.storyboard;
			sourceTree = "<group>";
		};
		F41C2D0021C9C934008CD3D6 /* LaunchScreen.storyboard */ = {
			isa = PBXVariantGroup;
			children = (
				F41C2D0121C9C934008CD3D6 /* Base */,
			);
			name = LaunchScreen.storyboard;
			sourceTree = "<group>";
		};
/* End PBXVariantGroup section */

/* Begin XCBuildConfiguration section */
		F41C2D0421C9C934008CD3D6 /* Debug */ = {
			isa = XCBuildConfiguration;
			buildSettings = {
				ALWAYS_SEARCH_USER_PATHS = NO;
				CLANG_ANALYZER_NONNULL = YES;
				CLANG_ANALYZER_NUMBER_OBJECT_CONVERSION = YES_AGGRESSIVE;
				CLANG_CXX_LANGUAGE_STANDARD = "gnu++14";
				CLANG_CXX_LIBRARY = "libc++";
				CLANG_ENABLE_MODULES = YES;
				CLANG_ENABLE_OBJC_ARC = YES;
				CLANG_ENABLE_OBJC_WEAK = YES;
				CLANG_WARN_BLOCK_CAPTURE_AUTORELEASING = YES;
				CLANG_WARN_BOOL_CONVERSION = YES;
				CLANG_WARN_COMMA = YES;
				CLANG_WARN_CONSTANT_CONVERSION = YES;
				CLANG_WARN_DEPRECATED_OBJC_IMPLEMENTATIONS = YES;
				CLANG_WARN_DIRECT_OBJC_ISA_USAGE = YES_ERROR;
				CLANG_WARN_DOCUMENTATION_COMMENTS = YES;
				CLANG_WARN_EMPTY_BODY = YES;
				CLANG_WARN_ENUM_CONVERSION = YES;
				CLANG_WARN_INFINITE_RECURSION = YES;
				CLANG_WARN_INT_CONVERSION = YES;
				CLANG_WARN_NON_LITERAL_NULL_CONVERSION = YES;
				CLANG_WARN_OBJC_IMPLICIT_RETAIN_SELF = YES;
				CLANG_WARN_OBJC_LITERAL_CONVERSION = YES;
				CLANG_WARN_OBJC_ROOT_CLASS = YES_ERROR;
				CLANG_WARN_RANGE_LOOP_ANALYSIS = YES;
				CLANG_WARN_STRICT_PROTOTYPES = YES;
				CLANG_WARN_SUSPICIOUS_MOVE = YES;
				CLANG_WARN_UNGUARDED_AVAILABILITY = YES_AGGRESSIVE;
				CLANG_WARN_UNREACHABLE_CODE = YES;
				CLANG_WARN__DUPLICATE_METHOD_MATCH = YES;
				CODE_SIGN_IDENTITY = "iPhone Developer";
				COPY_PHASE_STRIP = NO;
				DEBUG_INFORMATION_FORMAT = dwarf;
				ENABLE_STRICT_OBJC_MSGSEND = YES;
				ENABLE_TESTABILITY = YES;
				GCC_C_LANGUAGE_STANDARD = gnu11;
				GCC_DYNAMIC_NO_PIC = NO;
				GCC_NO_COMMON_BLOCKS = YES;
				GCC_OPTIMIZATION_LEVEL = 0;
				GCC_PREPROCESSOR_DEFINITIONS = (
					"DEBUG=1",
					"$(inherited)",
				);
				GCC_WARN_64_TO_32_BIT_CONVERSION = YES;
				GCC_WARN_ABOUT_RETURN_TYPE = YES_ERROR;
				GCC_WARN_UNDECLARED_SELECTOR = YES;
				GCC_WARN_UNINITIALIZED_AUTOS = YES_AGGRESSIVE;
				GCC_WARN_UNUSED_FUNCTION = YES;
				GCC_WARN_UNUSED_VARIABLE = YES;
				IPHONEOS_DEPLOYMENT_TARGET = 12.1;
				MTL_ENABLE_DEBUG_INFO = INCLUDE_SOURCE;
				MTL_FAST_MATH = YES;
				ONLY_ACTIVE_ARCH = YES;
				SDKROOT = iphoneos;
				SWIFT_ACTIVE_COMPILATION_CONDITIONS = DEBUG;
				SWIFT_OPTIMIZATION_LEVEL = "-Onone";
			};
			name = Debug;
		};
		F41C2D0521C9C934008CD3D6 /* Release */ = {
			isa = XCBuildConfiguration;
			buildSettings = {
				ALWAYS_SEARCH_USER_PATHS = NO;
				CLANG_ANALYZER_NONNULL = YES;
				CLANG_ANALYZER_NUMBER_OBJECT_CONVERSION = YES_AGGRESSIVE;
				CLANG_CXX_LANGUAGE_STANDARD = "gnu++14";
				CLANG_CXX_LIBRARY = "libc++";
				CLANG_ENABLE_MODULES = YES;
				CLANG_ENABLE_OBJC_ARC = YES;
				CLANG_ENABLE_OBJC_WEAK = YES;
				CLANG_WARN_BLOCK_CAPTURE_AUTORELEASING = YES;
				CLANG_WARN_BOOL_CONVERSION = YES;
				CLANG_WARN_COMMA = YES;
				CLANG_WARN_CONSTANT_CONVERSION = YES;
				CLANG_WARN_DEPRECATED_OBJC_IMPLEMENTATIONS = YES;
				CLANG_WARN_DIRECT_OBJC_ISA_USAGE = YES_ERROR;
				CLANG_WARN_DOCUMENTATION_COMMENTS = YES;
				CLANG_WARN_EMPTY_BODY = YES;
				CLANG_WARN_ENUM_CONVERSION = YES;
				CLANG_WARN_INFINITE_RECURSION = YES;
				CLANG_WARN_INT_CONVERSION = YES;
				CLANG_WARN_NON_LITERAL_NULL_CONVERSION = YES;
				CLANG_WARN_OBJC_IMPLICIT_RETAIN_SELF = YES;
				CLANG_WARN_OBJC_LITERAL_CONVERSION = YES;
				CLANG_WARN_OBJC_ROOT_CLASS = YES_ERROR;
				CLANG_WARN_RANGE_LOOP_ANALYSIS = YES;
				CLANG_WARN_STRICT_PROTOTYPES = YES;
				CLANG_WARN_SUSPICIOUS_MOVE = YES;
				CLANG_WARN_UNGUARDED_AVAILABILITY = YES_AGGRESSIVE;
				CLANG_WARN_UNREACHABLE_CODE = YES;
				CLANG_WARN__DUPLICATE_METHOD_MATCH = YES;
				CODE_SIGN_IDENTITY = "iPhone Developer";
				COPY_PHASE_STRIP = NO;
				DEBUG_INFORMATION_FORMAT = "dwarf-with-dsym";
				ENABLE_NS_ASSERTIONS = NO;
				ENABLE_STRICT_OBJC_MSGSEND = YES;
				GCC_C_LANGUAGE_STANDARD = gnu11;
				GCC_NO_COMMON_BLOCKS = YES;
				GCC_WARN_64_TO_32_BIT_CONVERSION = YES;
				GCC_WARN_ABOUT_RETURN_TYPE = YES_ERROR;
				GCC_WARN_UNDECLARED_SELECTOR = YES;
				GCC_WARN_UNINITIALIZED_AUTOS = YES_AGGRESSIVE;
				GCC_WARN_UNUSED_FUNCTION = YES;
				GCC_WARN_UNUSED_VARIABLE = YES;
				IPHONEOS_DEPLOYMENT_TARGET = 12.1;
				MTL_ENABLE_DEBUG_INFO = NO;
				MTL_FAST_MATH = YES;
				SDKROOT = iphoneos;
				SWIFT_COMPILATION_MODE = wholemodule;
				SWIFT_OPTIMIZATION_LEVEL = "-O";
				VALIDATE_PRODUCT = YES;
			};
			name = Release;
		};
		F41C2D0721C9C934008CD3D6 /* Debug */ = {
			isa = XCBuildConfiguration;
			baseConfigurationReference = 9113413C9EA08A668B5AD263 /* Pods-TrueGrowthSF2.debug.xcconfig */;
			buildSettings = {
				ASSETCATALOG_COMPILER_APPICON_NAME = AppIcon;
				CODE_SIGN_STYLE = Automatic;
				DEVELOPMENT_TEAM = GTU3MN4DTE;
				INFOPLIST_FILE = TrueGrowthSF2/Info.plist;
				IPHONEOS_DEPLOYMENT_TARGET = 9.0;
				LD_RUNPATH_SEARCH_PATHS = (
					"$(inherited)",
					"@executable_path/Frameworks",
				);
				PRODUCT_BUNDLE_IDENTIFIER = "Telegraph-Hill-Technologies.TrueGrowthSF2";
				PRODUCT_NAME = "$(TARGET_NAME)";
				SWIFT_VERSION = 4.2;
				TARGETED_DEVICE_FAMILY = 1;
			};
			name = Debug;
		};
		F41C2D0821C9C934008CD3D6 /* Release */ = {
			isa = XCBuildConfiguration;
			baseConfigurationReference = 28E973AE1620E1A8647D3E6E /* Pods-TrueGrowthSF2.release.xcconfig */;
			buildSettings = {
				ASSETCATALOG_COMPILER_APPICON_NAME = AppIcon;
				CODE_SIGN_STYLE = Automatic;
				DEVELOPMENT_TEAM = GTU3MN4DTE;
				INFOPLIST_FILE = TrueGrowthSF2/Info.plist;
				IPHONEOS_DEPLOYMENT_TARGET = 9.0;
				LD_RUNPATH_SEARCH_PATHS = (
					"$(inherited)",
					"@executable_path/Frameworks",
				);
				PRODUCT_BUNDLE_IDENTIFIER = "Telegraph-Hill-Technologies.TrueGrowthSF2";
				PRODUCT_NAME = "$(TARGET_NAME)";
				SWIFT_VERSION = 4.2;
				TARGETED_DEVICE_FAMILY = 1;
			};
			name = Release;
		};
/* End XCBuildConfiguration section */

/* Begin XCConfigurationList section */
		F41C2CEF21C9C932008CD3D6 /* Build configuration list for PBXProject "TrueGrowthSF2" */ = {
			isa = XCConfigurationList;
			buildConfigurations = (
				F41C2D0421C9C934008CD3D6 /* Debug */,
				F41C2D0521C9C934008CD3D6 /* Release */,
			);
			defaultConfigurationIsVisible = 0;
			defaultConfigurationName = Release;
		};
		F41C2D0621C9C934008CD3D6 /* Build configuration list for PBXNativeTarget "TrueGrowthSF2" */ = {
			isa = XCConfigurationList;
			buildConfigurations = (
				F41C2D0721C9C934008CD3D6 /* Debug */,
				F41C2D0821C9C934008CD3D6 /* Release */,
			);
			defaultConfigurationIsVisible = 0;
			defaultConfigurationName = Release;
		};
/* End XCConfigurationList section */
	};
	rootObject = F41C2CEC21C9C932008CD3D6 /* Project object */;
}
